// !$*UTF8*$!
{
	archiveVersion = 1;
	classes = {
	};
	objectVersion = 77;
	objects = {

/* Begin PBXBuildFile section */
		0013CD9C21D8C464E19C357C /* MeshMapKit.swift in Sources */ = {isa = PBXBuildFile; fileRef = 77284A05669E8C0AA1681CA7 /* MeshMapKit.swift */; };
		010CB990A0F0E84096056EA6 /* ThermalMonitor.swift in Sources */ = {isa = PBXBuildFile; fileRef = 533D2ECD42C2EAB5C6D0EED6 /* ThermalMonitor.swift */; };
		04B66F405D8B08B2DE22EBA0 /* TopologyStore.swift in Sources */ = {isa = PBXBuildFile; fileRef = 079BB3368034DD3C9BD738C8 /* TopologyStore.swift */; };
		051641083B5D4C164DA368CE /* CoordinationLayerView.swift in Sources */ = {isa = PBXBuildFile; fileRef = A697856052BD874CD6939B45 /* CoordinationLayerView.swift */; };
		082E4E9544607F81894DB9F0 /* NetworkGraphView.swift in Sources */ = {isa = PBXBuildFile; fileRef = 0B2CCF1D9E228419A271419D /* NetworkGraphView.swift */; };
		090646334E229530F14400A0 /* OIMDashboardApp.swift in Sources */ = {isa = PBXBuildFile; fileRef = 10C3DFA53386C093446D3211 /* OIMDashboardApp.swift */; };
		0B7CDC324F87697E7160F78A /* NetworkGraphView.swift in Sources */ = {isa = PBXBuildFile; fileRef = 0B2CCF1D9E228419A271419D /* NetworkGraphView.swift */; };
		0E182B36030FE827DDC2A568 /* OverviewView.swift in Sources */ = {isa = PBXBuildFile; fileRef = BE6D8C75CFE1FFF59DB5A516 /* OverviewView.swift */; };
		11441F887FC84DF719460E2F /* NetworkClient.swift in Sources */ = {isa = PBXBuildFile; fileRef = B08CA2CAC31A57D3486DBC65 /* NetworkClient.swift */; };
		15AFA23E2FDAA769BABAB11F /* Assets.xcassets in Resources */ = {isa = PBXBuildFile; fileRef = 4E716F22E613E5CCC2B48450 /* Assets.xcassets */; };
		16842E521AF32A8AED91EB88 /* Assets.xcassets in Resources */ = {isa = PBXBuildFile; fileRef = C2BF37C9195B932F9211B3CB /* Assets.xcassets */; };
		1E63B07E27B4D863148F7169 /* SettingsView.swift in Sources */ = {isa = PBXBuildFile; fileRef = E755F2BF2DB1773E821A0030 /* SettingsView.swift */; };
		2255A083CC3EE5DFB57A08C0 /* ContentView.swift in Sources */ = {isa = PBXBuildFile; fileRef = 7513586DABF50809E9929152 /* ContentView.swift */; };
		287998A215E9A6E32F55A2ED /* ModelSignatureVerifier.swift in Sources */ = {isa = PBXBuildFile; fileRef = 462427F1716B3FB5AC128E4F /* ModelSignatureVerifier.swift */; };
		305DDE8805FBA84E4CEB2658 /* PayloadEncryption.swift in Sources */ = {isa = PBXBuildFile; fileRef = BE176491E6900213655D1785 /* PayloadEncryption.swift */; };
		3125B098FA9BC27735FC1EDC /* WatchApp.swift in Sources */ = {isa = PBXBuildFile; fileRef = B27F1F173A888210D3946460 /* WatchApp.swift */; };
		3207AC90A9F13F61CDA6375A /* TopologyStore.swift in Sources */ = {isa = PBXBuildFile; fileRef = 079BB3368034DD3C9BD738C8 /* TopologyStore.swift */; };
		34D4DC464F5381BA7F5F84C0 /* TryMeshView.swift in Sources */ = {isa = PBXBuildFile; fileRef = 6B02540EC8D8E38F0FB3136E /* TryMeshView.swift */; };
		3830F682DCDC160E498DE9A5 /* ProofOfWork.swift in Sources */ = {isa = PBXBuildFile; fileRef = 37C3523F06E8F6568EDC6B41 /* ProofOfWork.swift */; };
		3BFF4065F430C0D7FADB6CAA /* RegionView.swift in Sources */ = {isa = PBXBuildFile; fileRef = 4749A9A539DFA6EE6809EA77 /* RegionView.swift */; };
		3E150E989B20F4C3ADF3F166 /* ProofOfWork.swift in Sources */ = {isa = PBXBuildFile; fileRef = 37C3523F06E8F6568EDC6B41 /* ProofOfWork.swift */; };
		41E37DBFA4D32DE85DFC1179 /* TVApp.swift in Sources */ = {isa = PBXBuildFile; fileRef = 940809D7CDA2BF7315466231 /* TVApp.swift */; };
		451895B0CE3710D92E75CF3C /* ContributionSession.swift in Sources */ = {isa = PBXBuildFile; fileRef = B3721584D617CA1C7946940D /* ContributionSession.swift */; };
		452AE6F16886829658C6349D /* TopologyStore.swift in Sources */ = {isa = PBXBuildFile; fileRef = 079BB3368034DD3C9BD738C8 /* TopologyStore.swift */; };
		4AFDADC10578A270457A7E81 /* WalletStore.swift in Sources */ = {isa = PBXBuildFile; fileRef = 7F97F4F1ACD60743EAF71E25 /* WalletStore.swift */; };
		4BBCEBA498624533ED9263B8 /* CoreMLRouter.swift in Sources */ = {isa = PBXBuildFile; fileRef = E73E65D0E236D780072E7DAB /* CoreMLRouter.swift */; };
		505A94291E913CEB2DE09AB3 /* WatchContentView.swift in Sources */ = {isa = PBXBuildFile; fileRef = DBFCECC0DADDF1F9036C408B /* WatchContentView.swift */; };
		54FBAB0D399F2702E9B3C14A /* NetworkClient.swift in Sources */ = {isa = PBXBuildFile; fileRef = B08CA2CAC31A57D3486DBC65 /* NetworkClient.swift */; };
		591AD7987E35789CDE516B21 /* StatusUtils.swift in Sources */ = {isa = PBXBuildFile; fileRef = 7BF6727643E63881CD213C93 /* StatusUtils.swift */; };
		5951B16D2B2239BE24DB543E /* Models.swift in Sources */ = {isa = PBXBuildFile; fileRef = 618F1FC2462FE9B9AA8443C2 /* Models.swift */; };
		5BBA7D77AF572F77473FA7A3 /* NetworkGraphView.swift in Sources */ = {isa = PBXBuildFile; fileRef = 0B2CCF1D9E228419A271419D /* NetworkGraphView.swift */; };
		63741A38ACDCB3B67FFD9D86 /* StatusUtils.swift in Sources */ = {isa = PBXBuildFile; fileRef = 7BF6727643E63881CD213C93 /* StatusUtils.swift */; };
		7A51FD97628F857B22D5D420 /* DeviceIdentity.swift in Sources */ = {isa = PBXBuildFile; fileRef = CAE9867D363BF863D538F06D /* DeviceIdentity.swift */; };
		892E70A622442DBD043BA482 /* GlobalMapView.swift in Sources */ = {isa = PBXBuildFile; fileRef = 03FC7C4990BDDE4D359DFF3F /* GlobalMapView.swift */; };
		8D80D745BE934DB8FC37EFB4 /* NetworkLoadView.swift in Sources */ = {isa = PBXBuildFile; fileRef = BA6A50343A5863880D34B35E /* NetworkLoadView.swift */; };
		9A0FE3810D3A62714F6F0965 /* NetworkClient.swift in Sources */ = {isa = PBXBuildFile; fileRef = B08CA2CAC31A57D3486DBC65 /* NetworkClient.swift */; };
		9D6DD3F16CCEC03D159D7EAD /* MeshMapKit.swift in Sources */ = {isa = PBXBuildFile; fileRef = 77284A05669E8C0AA1681CA7 /* MeshMapKit.swift */; };
		9E1E1B615CEAC06C43ED3582 /* PodSummaryView.swift in Sources */ = {isa = PBXBuildFile; fileRef = C01DF4999D87E576A76F5B57 /* PodSummaryView.swift */; };
		A1F5DE9F693131DBDA68D94A /* Models.swift in Sources */ = {isa = PBXBuildFile; fileRef = 618F1FC2462FE9B9AA8443C2 /* Models.swift */; };
		A3595BF6FD51103117AA5091 /* MemoryPressureMonitor.swift in Sources */ = {isa = PBXBuildFile; fileRef = 3C898CBECE1458272C65BBD4 /* MemoryPressureMonitor.swift */; };
		A4C3586BC67AF0D951C6ABDF /* OnDeviceRouter.swift in Sources */ = {isa = PBXBuildFile; fileRef = 55F4630F7DEB6AA82BB92097 /* OnDeviceRouter.swift */; };
		A6F28E42CF9351C4D13C4A0B /* HintPacket.swift in Sources */ = {isa = PBXBuildFile; fileRef = 1B267465346DFBF132E90219 /* HintPacket.swift */; };
		B6DFF17CDFB66131B8F71F31 /* NodeDetailView.swift in Sources */ = {isa = PBXBuildFile; fileRef = 8F693B9AB5F6EA3B48ED5ACD /* NodeDetailView.swift */; };
		BA90FF674687B1012FCAC1EB /* ProofOfWork.swift in Sources */ = {isa = PBXBuildFile; fileRef = 37C3523F06E8F6568EDC6B41 /* ProofOfWork.swift */; };
		BC248B2794CE76EFCB4D9AF3 /* Ed25519.swift in Sources */ = {isa = PBXBuildFile; fileRef = 7ADCC23D60588C1F925CC2F8 /* Ed25519.swift */; };
		C6DEB3B4C72203D05C97808E /* CoordinationBridge.swift in Sources */ = {isa = PBXBuildFile; fileRef = B81EB4915B0484BABF72DAD7 /* CoordinationBridge.swift */; };
		C758FAEFE7B61A39E712A94A /* RuleBasedRouter.swift in Sources */ = {isa = PBXBuildFile; fileRef = 99B0FF9740ED10AF7921EFCE /* RuleBasedRouter.swift */; };
		C7F20AA13F4DF2416BFA80A4 /* TVContentView.swift in Sources */ = {isa = PBXBuildFile; fileRef = 2B632D992AE2016624F5130F /* TVContentView.swift */; };
		DBE17ACE4E0F0259F3D7D653 /* TVGlobalMapView.swift in Sources */ = {isa = PBXBuildFile; fileRef = AA2667CBE1B73CCFCD6C01B5 /* TVGlobalMapView.swift */; };
		DC88D80555CBCB60E80E98AA /* StatusUtils.swift in Sources */ = {isa = PBXBuildFile; fileRef = 7BF6727643E63881CD213C93 /* StatusUtils.swift */; };
		DD2D7D6F84F642694E8956ED /* AccountView.swift in Sources */ = {isa = PBXBuildFile; fileRef = 729D1EBBD268BD9AEEEF31FF /* AccountView.swift */; };
		DF43825DA33DFA1CC99056EA /* Assets.xcassets in Resources */ = {isa = PBXBuildFile; fileRef = FF0341AF8B655D5D9F161546 /* Assets.xcassets */; };
		EA6DE2004B5416B8B8CA765D /* RouterHint.swift in Sources */ = {isa = PBXBuildFile; fileRef = C44C9D68563FBD4CF6AE0808 /* RouterHint.swift */; };
		EE20FEE3EA9021F6939DDA84 /* MeshMapKit.swift in Sources */ = {isa = PBXBuildFile; fileRef = 77284A05669E8C0AA1681CA7 /* MeshMapKit.swift */; };
		FABB8947EE0CD7916CA3E86F /* ContributeView.swift in Sources */ = {isa = PBXBuildFile; fileRef = 9E954666FE7904D2BCDA3DC1 /* ContributeView.swift */; };
		FCDDB98C47B1D0E772EF68A5 /* Models.swift in Sources */ = {isa = PBXBuildFile; fileRef = 618F1FC2462FE9B9AA8443C2 /* Models.swift */; };
/* End PBXBuildFile section */

/* Begin PBXFileReference section */
		03FC7C4990BDDE4D359DFF3F /* GlobalMapView.swift */ = {isa = PBXFileReference; lastKnownFileType = sourcecode.swift; path = GlobalMapView.swift; sourceTree = "<group>"; };
		079BB3368034DD3C9BD738C8 /* TopologyStore.swift */ = {isa = PBXFileReference; lastKnownFileType = sourcecode.swift; path = TopologyStore.swift; sourceTree = "<group>"; };
		08F8B2ED44ABE851C2FF4D57 /* Info.plist */ = {isa = PBXFileReference; lastKnownFileType = text.plist; path = Info.plist; sourceTree = "<group>"; };
		0B2CCF1D9E228419A271419D /* NetworkGraphView.swift */ = {isa = PBXFileReference; lastKnownFileType = sourcecode.swift; path = NetworkGraphView.swift; sourceTree = "<group>"; };
		10C3DFA53386C093446D3211 /* OIMDashboardApp.swift */ = {isa = PBXFileReference; lastKnownFileType = sourcecode.swift; path = OIMDashboardApp.swift; sourceTree = "<group>"; };
		1B267465346DFBF132E90219 /* HintPacket.swift */ = {isa = PBXFileReference; lastKnownFileType = sourcecode.swift; path = HintPacket.swift; sourceTree = "<group>"; };
		2B632D992AE2016624F5130F /* TVContentView.swift */ = {isa = PBXFileReference; lastKnownFileType = sourcecode.swift; path = TVContentView.swift; sourceTree = "<group>"; };
		37C3523F06E8F6568EDC6B41 /* ProofOfWork.swift */ = {isa = PBXFileReference; lastKnownFileType = sourcecode.swift; path = ProofOfWork.swift; sourceTree = "<group>"; };
		3C898CBECE1458272C65BBD4 /* MemoryPressureMonitor.swift */ = {isa = PBXFileReference; lastKnownFileType = sourcecode.swift; path = MemoryPressureMonitor.swift; sourceTree = "<group>"; };
		462427F1716B3FB5AC128E4F /* ModelSignatureVerifier.swift */ = {isa = PBXFileReference; lastKnownFileType = sourcecode.swift; path = ModelSignatureVerifier.swift; sourceTree = "<group>"; };
		4749A9A539DFA6EE6809EA77 /* RegionView.swift */ = {isa = PBXFileReference; lastKnownFileType = sourcecode.swift; path = RegionView.swift; sourceTree = "<group>"; };
		4E716F22E613E5CCC2B48450 /* Assets.xcassets */ = {isa = PBXFileReference; lastKnownFileType = folder.assetcatalog; path = Assets.xcassets; sourceTree = "<group>"; };
		533D2ECD42C2EAB5C6D0EED6 /* ThermalMonitor.swift */ = {isa = PBXFileReference; lastKnownFileType = sourcecode.swift; path = ThermalMonitor.swift; sourceTree = "<group>"; };
		55F4630F7DEB6AA82BB92097 /* OnDeviceRouter.swift */ = {isa = PBXFileReference; lastKnownFileType = sourcecode.swift; path = OnDeviceRouter.swift; sourceTree = "<group>"; };
		618F1FC2462FE9B9AA8443C2 /* Models.swift */ = {isa = PBXFileReference; lastKnownFileType = sourcecode.swift; path = Models.swift; sourceTree = "<group>"; };
		6B02540EC8D8E38F0FB3136E /* TryMeshView.swift */ = {isa = PBXFileReference; lastKnownFileType = sourcecode.swift; path = TryMeshView.swift; sourceTree = "<group>"; };
		729D1EBBD268BD9AEEEF31FF /* AccountView.swift */ = {isa = PBXFileReference; lastKnownFileType = sourcecode.swift; path = AccountView.swift; sourceTree = "<group>"; };
		7513586DABF50809E9929152 /* ContentView.swift */ = {isa = PBXFileReference; lastKnownFileType = sourcecode.swift; path = ContentView.swift; sourceTree = "<group>"; };
		77284A05669E8C0AA1681CA7 /* MeshMapKit.swift */ = {isa = PBXFileReference; lastKnownFileType = sourcecode.swift; path = MeshMapKit.swift; sourceTree = "<group>"; };
		7ADCC23D60588C1F925CC2F8 /* Ed25519.swift */ = {isa = PBXFileReference; lastKnownFileType = sourcecode.swift; path = Ed25519.swift; sourceTree = "<group>"; };
		7BF6727643E63881CD213C93 /* StatusUtils.swift */ = {isa = PBXFileReference; lastKnownFileType = sourcecode.swift; path = StatusUtils.swift; sourceTree = "<group>"; };
		7F97F4F1ACD60743EAF71E25 /* WalletStore.swift */ = {isa = PBXFileReference; lastKnownFileType = sourcecode.swift; path = WalletStore.swift; sourceTree = "<group>"; };
		8EEFFD745DCB9D26863DA4AC /* Info.plist */ = {isa = PBXFileReference; lastKnownFileType = text.plist; path = Info.plist; sourceTree = "<group>"; };
		8F693B9AB5F6EA3B48ED5ACD /* NodeDetailView.swift */ = {isa = PBXFileReference; lastKnownFileType = sourcecode.swift; path = NodeDetailView.swift; sourceTree = "<group>"; };
		940809D7CDA2BF7315466231 /* TVApp.swift */ = {isa = PBXFileReference; lastKnownFileType = sourcecode.swift; path = TVApp.swift; sourceTree = "<group>"; };
		9515D5561CD4915256D06792 /* Info.plist */ = {isa = PBXFileReference; lastKnownFileType = text.plist; path = Info.plist; sourceTree = "<group>"; };
		97E79085F54D07D0DEFCF815 /* OIMDashboard.app */ = {isa = PBXFileReference; includeInIndex = 0; lastKnownFileType = wrapper.application; path = OIMDashboard.app; sourceTree = BUILT_PRODUCTS_DIR; };
		99B0FF9740ED10AF7921EFCE /* RuleBasedRouter.swift */ = {isa = PBXFileReference; lastKnownFileType = sourcecode.swift; path = RuleBasedRouter.swift; sourceTree = "<group>"; };
		9E954666FE7904D2BCDA3DC1 /* ContributeView.swift */ = {isa = PBXFileReference; lastKnownFileType = sourcecode.swift; path = ContributeView.swift; sourceTree = "<group>"; };
		A697856052BD874CD6939B45 /* CoordinationLayerView.swift */ = {isa = PBXFileReference; lastKnownFileType = sourcecode.swift; path = CoordinationLayerView.swift; sourceTree = "<group>"; };
		AA2667CBE1B73CCFCD6C01B5 /* TVGlobalMapView.swift */ = {isa = PBXFileReference; lastKnownFileType = sourcecode.swift; path = TVGlobalMapView.swift; sourceTree = "<group>"; };
		B08CA2CAC31A57D3486DBC65 /* NetworkClient.swift */ = {isa = PBXFileReference; lastKnownFileType = sourcecode.swift; path = NetworkClient.swift; sourceTree = "<group>"; };
		B27F1F173A888210D3946460 /* WatchApp.swift */ = {isa = PBXFileReference; lastKnownFileType = sourcecode.swift; path = WatchApp.swift; sourceTree = "<group>"; };
		B3721584D617CA1C7946940D /* ContributionSession.swift */ = {isa = PBXFileReference; lastKnownFileType = sourcecode.swift; path = ContributionSession.swift; sourceTree = "<group>"; };
		B81EB4915B0484BABF72DAD7 /* CoordinationBridge.swift */ = {isa = PBXFileReference; lastKnownFileType = sourcecode.swift; path = CoordinationBridge.swift; sourceTree = "<group>"; };
		BA6A50343A5863880D34B35E /* NetworkLoadView.swift */ = {isa = PBXFileReference; lastKnownFileType = sourcecode.swift; path = NetworkLoadView.swift; sourceTree = "<group>"; };
		BE176491E6900213655D1785 /* PayloadEncryption.swift */ = {isa = PBXFileReference; lastKnownFileType = sourcecode.swift; path = PayloadEncryption.swift; sourceTree = "<group>"; };
		BE6D8C75CFE1FFF59DB5A516 /* OverviewView.swift */ = {isa = PBXFileReference; lastKnownFileType = sourcecode.swift; path = OverviewView.swift; sourceTree = "<group>"; };
		BFFDE4AD9A2F2CC5A35131AC /* OIMDashboardWatch.app */ = {isa = PBXFileReference; explicitFileType = wrapper.application; includeInIndex = 0; path = OIMDashboardWatch.app; sourceTree = BUILT_PRODUCTS_DIR; };
		C01DF4999D87E576A76F5B57 /* PodSummaryView.swift */ = {isa = PBXFileReference; lastKnownFileType = sourcecode.swift; path = PodSummaryView.swift; sourceTree = "<group>"; };
		C1F6B6EB8E86CB12F34EA6A0 /* OIMDashboardTV.app */ = {isa = PBXFileReference; includeInIndex = 0; lastKnownFileType = wrapper.application; path = OIMDashboardTV.app; sourceTree = BUILT_PRODUCTS_DIR; };
		C2BF37C9195B932F9211B3CB /* Assets.xcassets */ = {isa = PBXFileReference; lastKnownFileType = folder.assetcatalog; path = Assets.xcassets; sourceTree = "<group>"; };
		C44C9D68563FBD4CF6AE0808 /* RouterHint.swift */ = {isa = PBXFileReference; lastKnownFileType = sourcecode.swift; path = RouterHint.swift; sourceTree = "<group>"; };
		CAE9867D363BF863D538F06D /* DeviceIdentity.swift */ = {isa = PBXFileReference; lastKnownFileType = sourcecode.swift; path = DeviceIdentity.swift; sourceTree = "<group>"; };
		DBFCECC0DADDF1F9036C408B /* WatchContentView.swift */ = {isa = PBXFileReference; lastKnownFileType = sourcecode.swift; path = WatchContentView.swift; sourceTree = "<group>"; };
		E73E65D0E236D780072E7DAB /* CoreMLRouter.swift */ = {isa = PBXFileReference; lastKnownFileType = sourcecode.swift; path = CoreMLRouter.swift; sourceTree = "<group>"; };
		E755F2BF2DB1773E821A0030 /* SettingsView.swift */ = {isa = PBXFileReference; lastKnownFileType = sourcecode.swift; path = SettingsView.swift; sourceTree = "<group>"; };
		FF0341AF8B655D5D9F161546 /* Assets.xcassets */ = {isa = PBXFileReference; lastKnownFileType = folder.assetcatalog; path = Assets.xcassets; sourceTree = "<group>"; };
/* End PBXFileReference section */

/* Begin PBXGroup section */
		146D3DBB72BD878127C9531B = {
			isa = PBXGroup;
			children = (
				B51E007E0355F9D7BC118166 /* iOS */,
				6780A28B2D718351E622F1B7 /* Shared */,
				C9885C02CCDB67C1FDB01E13 /* tvOS */,
				6A815B196CA387F9F2DCAE79 /* watchOS */,
				254FB4D0C001DCC8EBC16E0A /* Products */,
			);
			sourceTree = "<group>";
		};
		254FB4D0C001DCC8EBC16E0A /* Products */ = {
			isa = PBXGroup;
			children = (
				97E79085F54D07D0DEFCF815 /* OIMDashboard.app */,
				C1F6B6EB8E86CB12F34EA6A0 /* OIMDashboardTV.app */,
				BFFDE4AD9A2F2CC5A35131AC /* OIMDashboardWatch.app */,
			);
			name = Products;
			sourceTree = "<group>";
		};
		39ED9EC8A19FF25BD98E1B52 /* Contribution */ = {
			isa = PBXGroup;
			children = (
				B3721584D617CA1C7946940D /* ContributionSession.swift */,
				B81EB4915B0484BABF72DAD7 /* CoordinationBridge.swift */,
				3C898CBECE1458272C65BBD4 /* MemoryPressureMonitor.swift */,
				533D2ECD42C2EAB5C6D0EED6 /* ThermalMonitor.swift */,
			);
			path = Contribution;
			sourceTree = "<group>";
		};
		6780A28B2D718351E622F1B7 /* Shared */ = {
			isa = PBXGroup;
			children = (
				77284A05669E8C0AA1681CA7 /* MeshMapKit.swift */,
				618F1FC2462FE9B9AA8443C2 /* Models.swift */,
				B08CA2CAC31A57D3486DBC65 /* NetworkClient.swift */,
				0B2CCF1D9E228419A271419D /* NetworkGraphView.swift */,
				37C3523F06E8F6568EDC6B41 /* ProofOfWork.swift */,
				7BF6727643E63881CD213C93 /* StatusUtils.swift */,
				079BB3368034DD3C9BD738C8 /* TopologyStore.swift */,
			);
			path = Shared;
			sourceTree = "<group>";
		};
		6A815B196CA387F9F2DCAE79 /* watchOS */ = {
			isa = PBXGroup;
			children = (
				C2BF37C9195B932F9211B3CB /* Assets.xcassets */,
				9515D5561CD4915256D06792 /* Info.plist */,
				B27F1F173A888210D3946460 /* WatchApp.swift */,
				DBFCECC0DADDF1F9036C408B /* WatchContentView.swift */,
			);
			path = watchOS;
			sourceTree = "<group>";
		};
		94FA7D0F5D7F08627F6B9879 /* Crypto */ = {
			isa = PBXGroup;
			children = (
				7ADCC23D60588C1F925CC2F8 /* Ed25519.swift */,
				1B267465346DFBF132E90219 /* HintPacket.swift */,
				BE176491E6900213655D1785 /* PayloadEncryption.swift */,
			);
			path = Crypto;
			sourceTree = "<group>";
		};
		AC6744143941995BCF7F167A /* Routing */ = {
			isa = PBXGroup;
			children = (
				E73E65D0E236D780072E7DAB /* CoreMLRouter.swift */,
				462427F1716B3FB5AC128E4F /* ModelSignatureVerifier.swift */,
				55F4630F7DEB6AA82BB92097 /* OnDeviceRouter.swift */,
				C44C9D68563FBD4CF6AE0808 /* RouterHint.swift */,
				99B0FF9740ED10AF7921EFCE /* RuleBasedRouter.swift */,
			);
			path = Routing;
			sourceTree = "<group>";
		};
		B51E007E0355F9D7BC118166 /* iOS */ = {
			isa = PBXGroup;
			children = (
				729D1EBBD268BD9AEEEF31FF /* AccountView.swift */,
				FF0341AF8B655D5D9F161546 /* Assets.xcassets */,
				7513586DABF50809E9929152 /* ContentView.swift */,
				A697856052BD874CD6939B45 /* CoordinationLayerView.swift */,
				CAE9867D363BF863D538F06D /* DeviceIdentity.swift */,
				03FC7C4990BDDE4D359DFF3F /* GlobalMapView.swift */,
				08F8B2ED44ABE851C2FF4D57 /* Info.plist */,
				BA6A50343A5863880D34B35E /* NetworkLoadView.swift */,
				8F693B9AB5F6EA3B48ED5ACD /* NodeDetailView.swift */,
				10C3DFA53386C093446D3211 /* OIMDashboardApp.swift */,
				BE6D8C75CFE1FFF59DB5A516 /* OverviewView.swift */,
				C01DF4999D87E576A76F5B57 /* PodSummaryView.swift */,
				4749A9A539DFA6EE6809EA77 /* RegionView.swift */,
				E755F2BF2DB1773E821A0030 /* SettingsView.swift */,
				6B02540EC8D8E38F0FB3136E /* TryMeshView.swift */,
				39ED9EC8A19FF25BD98E1B52 /* Contribution */,
				94FA7D0F5D7F08627F6B9879 /* Crypto */,
				AC6744143941995BCF7F167A /* Routing */,
				F845F692E9277095030E4D31 /* Views */,
				B6360BABE29B862E600822CD /* Wallet */,
			);
			path = iOS;
			sourceTree = "<group>";
		};
		B6360BABE29B862E600822CD /* Wallet */ = {
			isa = PBXGroup;
			children = (
				7F97F4F1ACD60743EAF71E25 /* WalletStore.swift */,
			);
			path = Wallet;
			sourceTree = "<group>";
		};
		C9885C02CCDB67C1FDB01E13 /* tvOS */ = {
			isa = PBXGroup;
			children = (
				4E716F22E613E5CCC2B48450 /* Assets.xcassets */,
				8EEFFD745DCB9D26863DA4AC /* Info.plist */,
				940809D7CDA2BF7315466231 /* TVApp.swift */,
				2B632D992AE2016624F5130F /* TVContentView.swift */,
				AA2667CBE1B73CCFCD6C01B5 /* TVGlobalMapView.swift */,
			);
			path = tvOS;
			sourceTree = "<group>";
		};
		F845F692E9277095030E4D31 /* Views */ = {
			isa = PBXGroup;
			children = (
				9E954666FE7904D2BCDA3DC1 /* ContributeView.swift */,
			);
			path = Views;
			sourceTree = "<group>";
		};
/* End PBXGroup section */

/* Begin PBXNativeTarget section */
		0C9D8FF5AC8EF15DEC1A9320 /* OIMDashboardWatch */ = {
			isa = PBXNativeTarget;
			buildConfigurationList = 90F839AFE7106EC46B2ADA8E /* Build configuration list for PBXNativeTarget "OIMDashboardWatch" */;
			buildPhases = (
				5B32D129EAC709D2E89F83C9 /* Sources */,
				92C8783D49F1ED58E929794A /* Resources */,
			);
			buildRules = (
			);
			dependencies = (
			);
			name = OIMDashboardWatch;
			packageProductDependencies = (
			);
			productName = OIMDashboardWatch;
			productReference = BFFDE4AD9A2F2CC5A35131AC /* OIMDashboardWatch.app */;
			productType = "com.apple.product-type.application";
		};
		7A3DF80A524980D488FEFDD1 /* OIMDashboardTV */ = {
			isa = PBXNativeTarget;
			buildConfigurationList = CB6D2ACF3B1E3F129619CB58 /* Build configuration list for PBXNativeTarget "OIMDashboardTV" */;
			buildPhases = (
				118198BDFCF27CED8A66C9E7 /* Sources */,
				E109867ABB507AE40675E3C9 /* Resources */,
			);
			buildRules = (
			);
			dependencies = (
			);
			name = OIMDashboardTV;
			packageProductDependencies = (
			);
			productName = OIMDashboardTV;
			productReference = C1F6B6EB8E86CB12F34EA6A0 /* OIMDashboardTV.app */;
			productType = "com.apple.product-type.application";
		};
		E0AF9724DF7DF279133823BB /* OIMDashboard */ = {
			isa = PBXNativeTarget;
			buildConfigurationList = 2FD903D153F2553767E944FB /* Build configuration list for PBXNativeTarget "OIMDashboard" */;
			buildPhases = (
				FD57DF244D6519B409842B66 /* Sources */,
				8A4223F32375AE7009571AEA /* Resources */,
			);
			buildRules = (
			);
			dependencies = (
			);
			name = OIMDashboard;
			packageProductDependencies = (
			);
			productName = OIMDashboard;
			productReference = 97E79085F54D07D0DEFCF815 /* OIMDashboard.app */;
			productType = "com.apple.product-type.application";
		};
/* End PBXNativeTarget section */

/* Begin PBXProject section */
		71ADB52B7E2C7A41E3F9621B /* Project object */ = {
			isa = PBXProject;
			attributes = {
				BuildIndependentTargetsInParallel = YES;
				LastUpgradeCheck = 1430;
				TargetAttributes = {
					0C9D8FF5AC8EF15DEC1A9320 = {
						DevelopmentTeam = WXDFFW3882;
						ProvisioningStyle = Automatic;
					};
					7A3DF80A524980D488FEFDD1 = {
						DevelopmentTeam = WXDFFW3882;
						ProvisioningStyle = Automatic;
					};
					E0AF9724DF7DF279133823BB = {
						DevelopmentTeam = WXDFFW3882;
						ProvisioningStyle = Automatic;
					};
				};
			};
			buildConfigurationList = 4EA0136AACE3B318CD0AC09A /* Build configuration list for PBXProject "OIMDashboard" */;
			developmentRegion = en;
			hasScannedForEncodings = 0;
			knownRegions = (
				Base,
				en,
			);
			mainGroup = 146D3DBB72BD878127C9531B;
			minimizedProjectReferenceProxies = 1;
			preferredProjectObjectVersion = 77;
			productRefGroup = 254FB4D0C001DCC8EBC16E0A /* Products */;
			projectDirPath = "";
			projectRoot = "";
			targets = (
				E0AF9724DF7DF279133823BB /* OIMDashboard */,
				7A3DF80A524980D488FEFDD1 /* OIMDashboardTV */,
				0C9D8FF5AC8EF15DEC1A9320 /* OIMDashboardWatch */,
			);
		};
/* End PBXProject section */

/* Begin PBXResourcesBuildPhase section */
		8A4223F32375AE7009571AEA /* Resources */ = {
			isa = PBXResourcesBuildPhase;
			buildActionMask = 2147483647;
			files = (
				DF43825DA33DFA1CC99056EA /* Assets.xcassets in Resources */,
			);
			runOnlyForDeploymentPostprocessing = 0;
		};
		92C8783D49F1ED58E929794A /* Resources */ = {
			isa = PBXResourcesBuildPhase;
			buildActionMask = 2147483647;
			files = (
				16842E521AF32A8AED91EB88 /* Assets.xcassets in Resources */,
			);
			runOnlyForDeploymentPostprocessing = 0;
		};
		E109867ABB507AE40675E3C9 /* Resources */ = {
			isa = PBXResourcesBuildPhase;
			buildActionMask = 2147483647;
			files = (
				15AFA23E2FDAA769BABAB11F /* Assets.xcassets in Resources */,
			);
			runOnlyForDeploymentPostprocessing = 0;
		};
/* End PBXResourcesBuildPhase section */

/* Begin PBXSourcesBuildPhase section */
		118198BDFCF27CED8A66C9E7 /* Sources */ = {
			isa = PBXSourcesBuildPhase;
			buildActionMask = 2147483647;
			files = (
				0013CD9C21D8C464E19C357C /* MeshMapKit.swift in Sources */,
				5951B16D2B2239BE24DB543E /* Models.swift in Sources */,
				11441F887FC84DF719460E2F /* NetworkClient.swift in Sources */,
				5BBA7D77AF572F77473FA7A3 /* NetworkGraphView.swift in Sources */,
				3E150E989B20F4C3ADF3F166 /* ProofOfWork.swift in Sources */,
				591AD7987E35789CDE516B21 /* StatusUtils.swift in Sources */,
				41E37DBFA4D32DE85DFC1179 /* TVApp.swift in Sources */,
				C7F20AA13F4DF2416BFA80A4 /* TVContentView.swift in Sources */,
				DBE17ACE4E0F0259F3D7D653 /* TVGlobalMapView.swift in Sources */,
				3207AC90A9F13F61CDA6375A /* TopologyStore.swift in Sources */,
			);
			runOnlyForDeploymentPostprocessing = 0;
		};
		5B32D129EAC709D2E89F83C9 /* Sources */ = {
			isa = PBXSourcesBuildPhase;
			buildActionMask = 2147483647;
			files = (
				9D6DD3F16CCEC03D159D7EAD /* MeshMapKit.swift in Sources */,
				A1F5DE9F693131DBDA68D94A /* Models.swift in Sources */,
				54FBAB0D399F2702E9B3C14A /* NetworkClient.swift in Sources */,
				082E4E9544607F81894DB9F0 /* NetworkGraphView.swift in Sources */,
				BA90FF674687B1012FCAC1EB /* ProofOfWork.swift in Sources */,
				63741A38ACDCB3B67FFD9D86 /* StatusUtils.swift in Sources */,
				452AE6F16886829658C6349D /* TopologyStore.swift in Sources */,
				3125B098FA9BC27735FC1EDC /* WatchApp.swift in Sources */,
				505A94291E913CEB2DE09AB3 /* WatchContentView.swift in Sources */,
			);
			runOnlyForDeploymentPostprocessing = 0;
		};
		FD57DF244D6519B409842B66 /* Sources */ = {
			isa = PBXSourcesBuildPhase;
			buildActionMask = 2147483647;
			files = (
				DD2D7D6F84F642694E8956ED /* AccountView.swift in Sources */,
				2255A083CC3EE5DFB57A08C0 /* ContentView.swift in Sources */,
				FABB8947EE0CD7916CA3E86F /* ContributeView.swift in Sources */,
				451895B0CE3710D92E75CF3C /* ContributionSession.swift in Sources */,
				C6DEB3B4C72203D05C97808E /* CoordinationBridge.swift in Sources */,
				051641083B5D4C164DA368CE /* CoordinationLayerView.swift in Sources */,
				4BBCEBA498624533ED9263B8 /* CoreMLRouter.swift in Sources */,
				7A51FD97628F857B22D5D420 /* DeviceIdentity.swift in Sources */,
				BC248B2794CE76EFCB4D9AF3 /* Ed25519.swift in Sources */,
				892E70A622442DBD043BA482 /* GlobalMapView.swift in Sources */,
				A6F28E42CF9351C4D13C4A0B /* HintPacket.swift in Sources */,
				A3595BF6FD51103117AA5091 /* MemoryPressureMonitor.swift in Sources */,
				EE20FEE3EA9021F6939DDA84 /* MeshMapKit.swift in Sources */,
				287998A215E9A6E32F55A2ED /* ModelSignatureVerifier.swift in Sources */,
				FCDDB98C47B1D0E772EF68A5 /* Models.swift in Sources */,
				9A0FE3810D3A62714F6F0965 /* NetworkClient.swift in Sources */,
				0B7CDC324F87697E7160F78A /* NetworkGraphView.swift in Sources */,
				8D80D745BE934DB8FC37EFB4 /* NetworkLoadView.swift in Sources */,
				B6DFF17CDFB66131B8F71F31 /* NodeDetailView.swift in Sources */,
				090646334E229530F14400A0 /* OIMDashboardApp.swift in Sources */,
				A4C3586BC67AF0D951C6ABDF /* OnDeviceRouter.swift in Sources */,
				0E182B36030FE827DDC2A568 /* OverviewView.swift in Sources */,
				305DDE8805FBA84E4CEB2658 /* PayloadEncryption.swift in Sources */,
				9E1E1B615CEAC06C43ED3582 /* PodSummaryView.swift in Sources */,
				3830F682DCDC160E498DE9A5 /* ProofOfWork.swift in Sources */,
				3BFF4065F430C0D7FADB6CAA /* RegionView.swift in Sources */,
				EA6DE2004B5416B8B8CA765D /* RouterHint.swift in Sources */,
				C758FAEFE7B61A39E712A94A /* RuleBasedRouter.swift in Sources */,
				1E63B07E27B4D863148F7169 /* SettingsView.swift in Sources */,
				DC88D80555CBCB60E80E98AA /* StatusUtils.swift in Sources */,
				010CB990A0F0E84096056EA6 /* ThermalMonitor.swift in Sources */,
				04B66F405D8B08B2DE22EBA0 /* TopologyStore.swift in Sources */,
				34D4DC464F5381BA7F5F84C0 /* TryMeshView.swift in Sources */,
				4AFDADC10578A270457A7E81 /* WalletStore.swift in Sources */,
			);
			runOnlyForDeploymentPostprocessing = 0;
		};
/* End PBXSourcesBuildPhase section */

/* Begin XCBuildConfiguration section */
		5807552331F368678EA514DB /* Release */ = {
			isa = XCBuildConfiguration;
			buildSettings = {
				ASSETCATALOG_COMPILER_APPICON_NAME = "App Icon & Top Shelf Image";
				ASSETCATALOG_COMPILER_LAUNCHIMAGE_NAME = LaunchImage;
				INFOPLIST_FILE = tvOS/Info.plist;
				LD_RUNPATH_SEARCH_PATHS = (
					"$(inherited)",
					"@executable_path/Frameworks",
				);
				PRODUCT_BUNDLE_IDENTIFIER = com.openinferencemesh.app.tv;
				SDKROOT = appletvos;
				TARGETED_DEVICE_FAMILY = 3;
				TVOS_DEPLOYMENT_TARGET = 26.0;
			};
			name = Release;
		};
		59B7354C4F2BCE2E941BD6F2 /* Debug */ = {
			isa = XCBuildConfiguration;
			buildSettings = {
				ALWAYS_SEARCH_USER_PATHS = NO;
				CLANG_ANALYZER_NONNULL = YES;
				CLANG_ANALYZER_NUMBER_OBJECT_CONVERSION = YES_AGGRESSIVE;
				CLANG_CXX_LANGUAGE_STANDARD = "gnu++14";
				CLANG_CXX_LIBRARY = "libc++";
				CLANG_ENABLE_MODULES = YES;
				CLANG_ENABLE_OBJC_ARC = YES;
				CLANG_ENABLE_OBJC_WEAK = YES;
				CLANG_WARN_BLOCK_CAPTURE_AUTORELEASING = YES;
				CLANG_WARN_BOOL_CONVERSION = YES;
				CLANG_WARN_COMMA = YES;
				CLANG_WARN_CONSTANT_CONVERSION = YES;
				CLANG_WARN_DEPRECATED_OBJC_IMPLEMENTATIONS = YES;
				CLANG_WARN_DIRECT_OBJC_ISA_USAGE = YES_ERROR;
				CLANG_WARN_DOCUMENTATION_COMMENTS = YES;
				CLANG_WARN_EMPTY_BODY = YES;
				CLANG_WARN_ENUM_CONVERSION = YES;
				CLANG_WARN_INFINITE_RECURSION = YES;
				CLANG_WARN_INT_CONVERSION = YES;
				CLANG_WARN_NON_LITERAL_NULL_CONVERSION = YES;
				CLANG_WARN_OBJC_IMPLICIT_RETAIN_SELF = YES;
				CLANG_WARN_OBJC_LITERAL_CONVERSION = YES;
				CLANG_WARN_OBJC_ROOT_CLASS = YES_ERROR;
				CLANG_WARN_QUOTED_INCLUDE_IN_FRAMEWORK_HEADER = YES;
				CLANG_WARN_RANGE_LOOP_ANALYSIS = YES;
				CLANG_WARN_STRICT_PROTOTYPES = YES;
				CLANG_WARN_SUSPICIOUS_MOVE = YES;
				CLANG_WARN_UNGUARDED_AVAILABILITY = YES_AGGRESSIVE;
				CLANG_WARN_UNREACHABLE_CODE = YES;
				CLANG_WARN__DUPLICATE_METHOD_MATCH = YES;
				CODE_SIGN_STYLE = Automatic;
				COPY_PHASE_STRIP = NO;
				DEBUG_INFORMATION_FORMAT = "dwarf-with-dsym";
				DEVELOPMENT_TEAM = WXDFFW3882;
				ENABLE_STRICT_OBJC_MSGSEND = YES;
				ENABLE_TESTABILITY = YES;
				GCC_C_LANGUAGE_STANDARD = gnu11;
				GCC_DYNAMIC_NO_PIC = NO;
				GCC_NO_COMMON_BLOCKS = YES;
				GCC_OPTIMIZATION_LEVEL = 0;
				GCC_PREPROCESSOR_DEFINITIONS = (
					"$(inherited)",
					"DEBUG=1",
				);
				GCC_WARN_64_TO_32_BIT_CONVERSION = YES;
				GCC_WARN_ABOUT_RETURN_TYPE = YES_ERROR;
				GCC_WARN_UNDECLARED_SELECTOR = YES;
				GCC_WARN_UNINITIALIZED_AUTOS = YES_AGGRESSIVE;
				GCC_WARN_UNUSED_FUNCTION = YES;
				GCC_WARN_UNUSED_VARIABLE = YES;
				MTL_ENABLE_DEBUG_INFO = INCLUDE_SOURCE;
				MTL_FAST_MATH = YES;
				ONLY_ACTIVE_ARCH = YES;
				PRODUCT_NAME = "$(TARGET_NAME)";
				SWIFT_ACTIVE_COMPILATION_CONDITIONS = DEBUG;
				SWIFT_OPTIMIZATION_LEVEL = "-Onone";
				SWIFT_VERSION = 5.9;
			};
			name = Debug;
		};
		6C80D6A010B0F399A0218A0F /* Release */ = {
			isa = XCBuildConfiguration;
			buildSettings = {
				ASSETCATALOG_COMPILER_APPICON_NAME = AppIcon;
				INFOPLIST_FILE = watchOS/Info.plist;
				PRODUCT_BUNDLE_IDENTIFIER = com.openinferencemesh.app.watchkitapp;
				SDKROOT = watchos;
				SKIP_INSTALL = YES;
				TARGETED_DEVICE_FAMILY = 4;
				WATCHOS_DEPLOYMENT_TARGET = 26.0;
			};
			name = Release;
		};
		A38252D7E6FE4BCBB3381FBF /* Release */ = {
			isa = XCBuildConfiguration;
			buildSettings = {
				ALWAYS_SEARCH_USER_PATHS = NO;
				CLANG_ANALYZER_NONNULL = YES;
				CLANG_ANALYZER_NUMBER_OBJECT_CONVERSION = YES_AGGRESSIVE;
				CLANG_CXX_LANGUAGE_STANDARD = "gnu++14";
				CLANG_CXX_LIBRARY = "libc++";
				CLANG_ENABLE_MODULES = YES;
				CLANG_ENABLE_OBJC_ARC = YES;
				CLANG_ENABLE_OBJC_WEAK = YES;
				CLANG_WARN_BLOCK_CAPTURE_AUTORELEASING = YES;
				CLANG_WARN_BOOL_CONVERSION = YES;
				CLANG_WARN_COMMA = YES;
				CLANG_WARN_CONSTANT_CONVERSION = YES;
				CLANG_WARN_DEPRECATED_OBJC_IMPLEMENTATIONS = YES;
				CLANG_WARN_DIRECT_OBJC_ISA_USAGE = YES_ERROR;
				CLANG_WARN_DOCUMENTATION_COMMENTS = YES;
				CLANG_WARN_EMPTY_BODY = YES;
				CLANG_WARN_ENUM_CONVERSION = YES;
				CLANG_WARN_INFINITE_RECURSION = YES;
				CLANG_WARN_INT_CONVERSION = YES;
				CLANG_WARN_NON_LITERAL_NULL_CONVERSION = YES;
				CLANG_WARN_OBJC_IMPLICIT_RETAIN_SELF = YES;
				CLANG_WARN_OBJC_LITERAL_CONVERSION = YES;
				CLANG_WARN_OBJC_ROOT_CLASS = YES_ERROR;
				CLANG_WARN_QUOTED_INCLUDE_IN_FRAMEWORK_HEADER = YES;
				CLANG_WARN_RANGE_LOOP_ANALYSIS = YES;
				CLANG_WARN_STRICT_PROTOTYPES = YES;
				CLANG_WARN_SUSPICIOUS_MOVE = YES;
				CLANG_WARN_UNGUARDED_AVAILABILITY = YES_AGGRESSIVE;
				CLANG_WARN_UNREACHABLE_CODE = YES;
				CLANG_WARN__DUPLICATE_METHOD_MATCH = YES;
				CODE_SIGN_STYLE = Automatic;
				COPY_PHASE_STRIP = NO;
				DEBUG_INFORMATION_FORMAT = "dwarf-with-dsym";
				DEVELOPMENT_TEAM = WXDFFW3882;
				ENABLE_NS_ASSERTIONS = NO;
				ENABLE_STRICT_OBJC_MSGSEND = YES;
				GCC_C_LANGUAGE_STANDARD = gnu11;
				GCC_NO_COMMON_BLOCKS = YES;
				GCC_WARN_64_TO_32_BIT_CONVERSION = YES;
				GCC_WARN_ABOUT_RETURN_TYPE = YES_ERROR;
				GCC_WARN_UNDECLARED_SELECTOR = YES;
				GCC_WARN_UNINITIALIZED_AUTOS = YES_AGGRESSIVE;
				GCC_WARN_UNUSED_FUNCTION = YES;
				GCC_WARN_UNUSED_VARIABLE = YES;
				MTL_ENABLE_DEBUG_INFO = NO;
				MTL_FAST_MATH = YES;
				PRODUCT_NAME = "$(TARGET_NAME)";
				SWIFT_COMPILATION_MODE = wholemodule;
				SWIFT_OPTIMIZATION_LEVEL = "-O";
				SWIFT_VERSION = 5.9;
			};
			name = Release;
		};
		C06FA3A8CD22122934CE98F4 /* Debug */ = {
			isa = XCBuildConfiguration;
			buildSettings = {
				ASSETCATALOG_COMPILER_APPICON_NAME = "App Icon & Top Shelf Image";
				ASSETCATALOG_COMPILER_LAUNCHIMAGE_NAME = LaunchImage;
				INFOPLIST_FILE = tvOS/Info.plist;
				LD_RUNPATH_SEARCH_PATHS = (
					"$(inherited)",
					"@executable_path/Frameworks",
				);
				PRODUCT_BUNDLE_IDENTIFIER = com.openinferencemesh.app.tv;
				SDKROOT = appletvos;
				TARGETED_DEVICE_FAMILY = 3;
				TVOS_DEPLOYMENT_TARGET = 26.0;
			};
			name = Debug;
		};
		CED07653C58E939EF919CB84 /* Release */ = {
			isa = XCBuildConfiguration;
			buildSettings = {
				ASSETCATALOG_COMPILER_APPICON_NAME = AppIcon;
				CODE_SIGN_IDENTITY = "iPhone Developer";
				INFOPLIST_FILE = iOS/Info.plist;
				IPHONEOS_DEPLOYMENT_TARGET = 26.0;
				LD_RUNPATH_SEARCH_PATHS = (
					"$(inherited)",
					"@executable_path/Frameworks",
				);
				PRODUCT_BUNDLE_IDENTIFIER = com.openinferencemesh.app;
				SDKROOT = iphoneos;
				TARGETED_DEVICE_FAMILY = "1,2,7";
			};
			name = Release;
		};
		D1B010F0A47B9316153F3522 /* Debug */ = {
			isa = XCBuildConfiguration;
			buildSettings = {
				ASSETCATALOG_COMPILER_APPICON_NAME = AppIcon;
				CODE_SIGN_IDENTITY = "iPhone Developer";
				INFOPLIST_FILE = iOS/Info.plist;
				IPHONEOS_DEPLOYMENT_TARGET = 26.0;
				LD_RUNPATH_SEARCH_PATHS = (
					"$(inherited)",
					"@executable_path/Frameworks",
				);
				PRODUCT_BUNDLE_IDENTIFIER = com.openinferencemesh.app;
				SDKROOT = iphoneos;
				TARGETED_DEVICE_FAMILY = "1,2,7";
			};
			name = Debug;
		};
		D8BC35012DBE7AC4852D1C16 /* Debug */ = {
			isa = XCBuildConfiguration;
			buildSettings = {
				ASSETCATALOG_COMPILER_APPICON_NAME = AppIcon;
				INFOPLIST_FILE = watchOS/Info.plist;
				PRODUCT_BUNDLE_IDENTIFIER = com.openinferencemesh.app.watchkitapp;
				SDKROOT = watchos;
				SKIP_INSTALL = YES;
				TARGETED_DEVICE_FAMILY = 4;
				WATCHOS_DEPLOYMENT_TARGET = 26.0;
			};
			name = Debug;
		};
/* End XCBuildConfiguration section */

/* Begin XCConfigurationList section */
		2FD903D153F2553767E944FB /* Build configuration list for PBXNativeTarget "OIMDashboard" */ = {
			isa = XCConfigurationList;
			buildConfigurations = (
				D1B010F0A47B9316153F3522 /* Debug */,
				CED07653C58E939EF919CB84 /* Release */,
			);
			defaultConfigurationIsVisible = 0;
			defaultConfigurationName = Debug;
		};
		4EA0136AACE3B318CD0AC09A /* Build configuration list for PBXProject "OIMDashboard" */ = {
			isa = XCConfigurationList;
			buildConfigurations = (
				59B7354C4F2BCE2E941BD6F2 /* Debug */,
				A38252D7E6FE4BCBB3381FBF /* Release */,
			);
			defaultConfigurationIsVisible = 0;
			defaultConfigurationName = Debug;
		};
		90F839AFE7106EC46B2ADA8E /* Build configuration list for PBXNativeTarget "OIMDashboardWatch" */ = {
			isa = XCConfigurationList;
			buildConfigurations = (
				D8BC35012DBE7AC4852D1C16 /* Debug */,
				6C80D6A010B0F399A0218A0F /* Release */,
			);
			defaultConfigurationIsVisible = 0;
			defaultConfigurationName = Debug;
		};
		CB6D2ACF3B1E3F129619CB58 /* Build configuration list for PBXNativeTarget "OIMDashboardTV" */ = {
			isa = XCConfigurationList;
			buildConfigurations = (
				C06FA3A8CD22122934CE98F4 /* Debug */,
				5807552331F368678EA514DB /* Release */,
			);
			defaultConfigurationIsVisible = 0;
			defaultConfigurationName = Debug;
		};
/* End XCConfigurationList section */
	};
	rootObject = 71ADB52B7E2C7A41E3F9621B /* Project object */;
}
